// !$*UTF8*$!
{
	archiveVersion = 1;
	classes = {
	};
	objectVersion = 56;
	objects = {

/* Begin PBXBuildFile section */
		D4A7E64F2A314DF000145FD0 /* Swift5_9TryApp.swift in Sources */ = {isa = PBXBuildFile; fileRef = D4A7E64E2A314DF000145FD0 /* Swift5_9TryApp.swift */; };
		D4A7E6512A314DF000145FD0 /* ContentView.swift in Sources */ = {isa = PBXBuildFile; fileRef = D4A7E6502A314DF000145FD0 /* ContentView.swift */; };
		D4A7E6532A314DF300145FD0 /* Assets.xcassets in Resources */ = {isa = PBXBuildFile; fileRef = D4A7E6522A314DF300145FD0 /* Assets.xcassets */; };
		D4A7E6562A314DF300145FD0 /* Preview Assets.xcassets in Resources */ = {isa = PBXBuildFile; fileRef = D4A7E6552A314DF300145FD0 /* Preview Assets.xcassets */; };
		D4A7E65E2A32894E00145FD0 /* WebView.swift in Sources */ = {isa = PBXBuildFile; fileRef = D4A7E65D2A32894E00145FD0 /* WebView.swift */; };
		D4A7E6812A37C9D600145FD0 /* PrivacyInfo.xcprivacy in Resources */ = {isa = PBXBuildFile; fileRef = D4A7E65F2A35CD6400145FD0 /* PrivacyInfo.xcprivacy */; };
		D4A7E6A02A3A981500145FD0 /* TestXCFramework in Frameworks */ = {isa = PBXBuildFile; productRef = D4A7E69F2A3A981500145FD0 /* TestXCFramework */; };
		D4FC2F352A8C83F000B86B15 /* ViewModel.swift in Sources */ = {isa = PBXBuildFile; fileRef = D4FC2F342A8C83F000B86B15 /* ViewModel.swift */; };
/* End PBXBuildFile section */

/* Begin PBXFileReference section */
		D4A7E64B2A314DF000145FD0 /* Swift5.9Try.app */ = {isa = PBXFileReference; explicitFileType = wrapper.application; includeInIndex = 0; path = Swift5.9Try.app; sourceTree = BUILT_PRODUCTS_DIR; };
		D4A7E64E2A314DF000145FD0 /* Swift5_9TryApp.swift */ = {isa = PBXFileReference; lastKnownFileType = sourcecode.swift; path = Swift5_9TryApp.swift; sourceTree = "<group>"; };
		D4A7E6502A314DF000145FD0 /* ContentView.swift */ = {isa = PBXFileReference; lastKnownFileType = sourcecode.swift; path = ContentView.swift; sourceTree = "<group>"; };
		D4A7E6522A314DF300145FD0 /* Assets.xcassets */ = {isa = PBXFileReference; lastKnownFileType = folder.assetcatalog; path = Assets.xcassets; sourceTree = "<group>"; };
		D4A7E6552A314DF300145FD0 /* Preview Assets.xcassets */ = {isa = PBXFileReference; lastKnownFileType = folder.assetcatalog; path = "Preview Assets.xcassets"; sourceTree = "<group>"; };
		D4A7E65C2A31535700145FD0 /* Swift5-9Try-Info.plist */ = {isa = PBXFileReference; lastKnownFileType = text.plist; path = "Swift5-9Try-Info.plist"; sourceTree = SOURCE_ROOT; };
		D4A7E65D2A32894E00145FD0 /* WebView.swift */ = {isa = PBXFileReference; lastKnownFileType = sourcecode.swift; path = WebView.swift; sourceTree = "<group>"; };
		D4A7E65F2A35CD6400145FD0 /* PrivacyInfo.xcprivacy */ = {isa = PBXFileReference; lastKnownFileType = text.xml; path = PrivacyInfo.xcprivacy; sourceTree = "<group>"; };
		D4FC2F342A8C83F000B86B15 /* ViewModel.swift */ = {isa = PBXFileReference; lastKnownFileType = sourcecode.swift; path = ViewModel.swift; sourceTree = "<group>"; };
/* End PBXFileReference section */

/* Begin PBXFrameworksBuildPhase section */
		D4A7E6482A314DF000145FD0 /* Frameworks */ = {
			isa = PBXFrameworksBuildPhase;
			buildActionMask = 2147483647;
			files = (
				D4A7E6A02A3A981500145FD0 /* TestXCFramework in Frameworks */,
			);
			runOnlyForDeploymentPostprocessing = 0;
		};
/* End PBXFrameworksBuildPhase section */

/* Begin PBXGroup section */
		D4A7E6422A314DF000145FD0 = {
			isa = PBXGroup;
			children = (
				D4A7E6792A37225200145FD0 /* Framework */,
				D4A7E64D2A314DF000145FD0 /* Swift5.9Try */,
				D4A7E64C2A314DF000145FD0 /* Products */,
			);
			sourceTree = "<group>";
		};
		D4A7E64C2A314DF000145FD0 /* Products */ = {
			isa = PBXGroup;
			children = (
				D4A7E64B2A314DF000145FD0 /* Swift5.9Try.app */,
			);
			name = Products;
			sourceTree = "<group>";
		};
		D4A7E64D2A314DF000145FD0 /* Swift5.9Try */ = {
			isa = PBXGroup;
			children = (
				D4A7E65C2A31535700145FD0 /* Swift5-9Try-Info.plist */,
				D4A7E64E2A314DF000145FD0 /* Swift5_9TryApp.swift */,
				D4A7E65F2A35CD6400145FD0 /* PrivacyInfo.xcprivacy */,
				D4A7E6502A314DF000145FD0 /* ContentView.swift */,
				D4A7E6522A314DF300145FD0 /* Assets.xcassets */,
				D4A7E6542A314DF300145FD0 /* Preview Content */,
				D4A7E65D2A32894E00145FD0 /* WebView.swift */,
				D4FC2F342A8C83F000B86B15 /* ViewModel.swift */,
			);
			path = Swift5.9Try;
			sourceTree = "<group>";
		};
		D4A7E6542A314DF300145FD0 /* Preview Content */ = {
			isa = PBXGroup;
			children = (
				D4A7E6552A314DF300145FD0 /* Preview Assets.xcassets */,
			);
			path = "Preview Content";
			sourceTree = "<group>";
		};
		D4A7E6792A37225200145FD0 /* Framework */ = {
			isa = PBXGroup;
			children = (
			);
			path = Framework;
			sourceTree = "<group>";
		};
/* End PBXGroup section */

/* Begin PBXNativeTarget section */
		D4A7E64A2A314DF000145FD0 /* Swift5.9Try */ = {
			isa = PBXNativeTarget;
			buildConfigurationList = D4A7E6592A314DF300145FD0 /* Build configuration list for PBXNativeTarget "Swift5.9Try" */;
			buildPhases = (
				D4A7E6472A314DF000145FD0 /* Sources */,
				D4A7E6482A314DF000145FD0 /* Frameworks */,
				D4A7E6492A314DF000145FD0 /* Resources */,
			);
			buildRules = (
			);
			dependencies = (
			);
			name = Swift5.9Try;
			packageProductDependencies = (
				D4A7E69F2A3A981500145FD0 /* TestXCFramework */,
			);
			productName = Swift5.9Try;
			productReference = D4A7E64B2A314DF000145FD0 /* Swift5.9Try.app */;
			productType = "com.apple.product-type.application";
		};
/* End PBXNativeTarget section */

/* Begin PBXProject section */
		D4A7E6432A314DF000145FD0 /* Project object */ = {
			isa = PBXProject;
			attributes = {
				BuildIndependentTargetsInParallel = 1;
				LastSwiftUpdateCheck = 1500;
				LastUpgradeCheck = 1500;
				TargetAttributes = {
					D4A7E64A2A314DF000145FD0 = {
						CreatedOnToolsVersion = 15.0;
					};
				};
			};
			buildConfigurationList = D4A7E6462A314DF000145FD0 /* Build configuration list for PBXProject "Swift5.9Try" */;
			compatibilityVersion = "Xcode 14.0";
			developmentRegion = en;
			hasScannedForEncodings = 0;
			knownRegions = (
				en,
				Base,
			);
			mainGroup = D4A7E6422A314DF000145FD0;
			packageReferences = (
				D4A7E69E2A3A981500145FD0 /* XCRemoteSwiftPackageReference "SwiftPMWithBinary" */,
			);
			productRefGroup = D4A7E64C2A314DF000145FD0 /* Products */;
			projectDirPath = "";
			projectRoot = "";
			targets = (
				D4A7E64A2A314DF000145FD0 /* Swift5.9Try */,
			);
		};
/* End PBXProject section */

/* Begin PBXResourcesBuildPhase section */
		D4A7E6492A314DF000145FD0 /* Resources */ = {
			isa = PBXResourcesBuildPhase;
			buildActionMask = 2147483647;
			files = (
				D4A7E6812A37C9D600145FD0 /* PrivacyInfo.xcprivacy in Resources */,
				D4A7E6562A314DF300145FD0 /* Preview Assets.xcassets in Resources */,
				D4A7E6532A314DF300145FD0 /* Assets.xcassets in Resources */,
			);
			runOnlyForDeploymentPostprocessing = 0;
		};
/* End PBXResourcesBuildPhase section */

/* Begin PBXSourcesBuildPhase section */
		D4A7E6472A314DF000145FD0 /* Sources */ = {
			isa = PBXSourcesBuildPhase;
			buildActionMask = 2147483647;
			files = (
				D4A7E65E2A32894E00145FD0 /* WebView.swift in Sources */,
				D4A7E6512A314DF000145FD0 /* ContentView.swift in Sources */,
				D4FC2F352A8C83F000B86B15 /* ViewModel.swift in Sources */,
				D4A7E64F2A314DF000145FD0 /* Swift5_9TryApp.swift in Sources */,
			);
			runOnlyForDeploymentPostprocessing = 0;
		};
/* End PBXSourcesBuildPhase section */

/* Begin XCBuildConfiguration section */
		D4A7E6572A314DF300145FD0 /* Debug */ = {
			isa = XCBuildConfiguration;
			buildSettings = {
				ALWAYS_SEARCH_USER_PATHS = NO;
				ASSETCATALOG_COMPILER_GENERATE_SWIFT_ASSET_SYMBOL_EXTENSIONS = YES;
				CLANG_ANALYZER_NONNULL = YES;
				CLANG_ANALYZER_NUMBER_OBJECT_CONVERSION = YES_AGGRESSIVE;
				CLANG_CXX_LANGUAGE_STANDARD = "gnu++20";
				CLANG_ENABLE_MODULES = YES;
				CLANG_ENABLE_OBJC_ARC = YES;
				CLANG_ENABLE_OBJC_WEAK = YES;
				CLANG_WARN_BLOCK_CAPTURE_AUTORELEASING = YES;
				CLANG_WARN_BOOL_CONVERSION = YES;
				CLANG_WARN_COMMA = YES;
				CLANG_WARN_CONSTANT_CONVERSION = YES;
				CLANG_WARN_DEPRECATED_OBJC_IMPLEMENTATIONS = YES;
				CLANG_WARN_DIRECT_OBJC_ISA_USAGE = YES_ERROR;
				CLANG_WARN_DOCUMENTATION_COMMENTS = YES;
				CLANG_WARN_EMPTY_BODY = YES;
				CLANG_WARN_ENUM_CONVERSION = YES;
				CLANG_WARN_INFINITE_RECURSION = YES;
				CLANG_WARN_INT_CONVERSION = YES;
				CLANG_WARN_NON_LITERAL_NULL_CONVERSION = YES;
				CLANG_WARN_OBJC_IMPLICIT_RETAIN_SELF = YES;
				CLANG_WARN_OBJC_LITERAL_CONVERSION = YES;
				CLANG_WARN_OBJC_ROOT_CLASS = YES_ERROR;
				CLANG_WARN_QUOTED_INCLUDE_IN_FRAMEWORK_HEADER = YES;
				CLANG_WARN_RANGE_LOOP_ANALYSIS = YES;
				CLANG_WARN_STRICT_PROTOTYPES = YES;
				CLANG_WARN_SUSPICIOUS_MOVE = YES;
				CLANG_WARN_UNGUARDED_AVAILABILITY = YES_AGGRESSIVE;
				CLANG_WARN_UNREACHABLE_CODE = YES;
				CLANG_WARN__DUPLICATE_METHOD_MATCH = YES;
				COPY_PHASE_STRIP = NO;
				DEBUG_INFORMATION_FORMAT = dwarf;
				ENABLE_STRICT_OBJC_MSGSEND = YES;
				ENABLE_TESTABILITY = YES;
				ENABLE_USER_SCRIPT_SANDBOXING = YES;
				GCC_C_LANGUAGE_STANDARD = gnu17;
				GCC_DYNAMIC_NO_PIC = NO;
				GCC_NO_COMMON_BLOCKS = YES;
				GCC_OPTIMIZATION_LEVEL = 0;
				GCC_PREPROCESSOR_DEFINITIONS = (
					"DEBUG=1",
					"$(inherited)",
				);
				GCC_WARN_64_TO_32_BIT_CONVERSION = YES;
				GCC_WARN_ABOUT_RETURN_TYPE = YES_ERROR;
				GCC_WARN_UNDECLARED_SELECTOR = YES;
				GCC_WARN_UNINITIALIZED_AUTOS = YES_AGGRESSIVE;
				GCC_WARN_UNUSED_FUNCTION = YES;
				GCC_WARN_UNUSED_VARIABLE = YES;
				IPHONEOS_DEPLOYMENT_TARGET = 17.0;
				LOCALIZATION_PREFERS_STRING_CATALOGS = YES;
				MTL_ENABLE_DEBUG_INFO = INCLUDE_SOURCE;
				MTL_FAST_MATH = YES;
				ONLY_ACTIVE_ARCH = YES;
				SDKROOT = iphoneos;
				SWIFT_ACTIVE_COMPILATION_CONDITIONS = "DEBUG $(inherited)";
				SWIFT_OPTIMIZATION_LEVEL = "-Onone";
			};
			name = Debug;
		};
		D4A7E6582A314DF300145FD0 /* Release */ = {
			isa = XCBuildConfiguration;
			buildSettings = {
				ALWAYS_SEARCH_USER_PATHS = NO;
				ASSETCATALOG_COMPILER_GENERATE_SWIFT_ASSET_SYMBOL_EXTENSIONS = YES;
				CLANG_ANALYZER_NONNULL = YES;
				CLANG_ANALYZER_NUMBER_OBJECT_CONVERSION = YES_AGGRESSIVE;
				CLANG_CXX_LANGUAGE_STANDARD = "gnu++20";
				CLANG_ENABLE_MODULES = YES;
				CLANG_ENABLE_OBJC_ARC = YES;
				CLANG_ENABLE_OBJC_WEAK = YES;
				CLANG_WARN_BLOCK_CAPTURE_AUTORELEASING = YES;
				CLANG_WARN_BOOL_CONVERSION = YES;
				CLANG_WARN_COMMA = YES;
				CLANG_WARN_CONSTANT_CONVERSION = YES;
				CLANG_WARN_DEPRECATED_OBJC_IMPLEMENTATIONS = YES;
				CLANG_WARN_DIRECT_OBJC_ISA_USAGE = YES_ERROR;
				CLANG_WARN_DOCUMENTATION_COMMENTS = YES;
				CLANG_WARN_EMPTY_BODY = YES;
				CLANG_WARN_ENUM_CONVERSION = YES;
				CLANG_WARN_INFINITE_RECURSION = YES;
				CLANG_WARN_INT_CONVERSION = YES;
				CLANG_WARN_NON_LITERAL_NULL_CONVERSION = YES;
				CLANG_WARN_OBJC_IMPLICIT_RETAIN_SELF = YES;
				CLANG_WARN_OBJC_LITERAL_CONVERSION = YES;
				CLANG_WARN_OBJC_ROOT_CLASS = YES_ERROR;
				CLANG_WARN_QUOTED_INCLUDE_IN_FRAMEWORK_HEADER = YES;
				CLANG_WARN_RANGE_LOOP_ANALYSIS = YES;
				CLANG_WARN_STRICT_PROTOTYPES = YES;
				CLANG_WARN_SUSPICIOUS_MOVE = YES;
				CLANG_WARN_UNGUARDED_AVAILABILITY = YES_AGGRESSIVE;
				CLANG_WARN_UNREACHABLE_CODE = YES;
				CLANG_WARN__DUPLICATE_METHOD_MATCH = YES;
				COPY_PHASE_STRIP = NO;
				DEBUG_INFORMATION_FORMAT = "dwarf-with-dsym";
				ENABLE_NS_ASSERTIONS = NO;
				ENABLE_STRICT_OBJC_MSGSEND = YES;
				ENABLE_USER_SCRIPT_SANDBOXING = YES;
				GCC_C_LANGUAGE_STANDARD = gnu17;
				GCC_NO_COMMON_BLOCKS = YES;
				GCC_WARN_64_TO_32_BIT_CONVERSION = YES;
				GCC_WARN_ABOUT_RETURN_TYPE = YES_ERROR;
				GCC_WARN_UNDECLARED_SELECTOR = YES;
				GCC_WARN_UNINITIALIZED_AUTOS = YES_AGGRESSIVE;
				GCC_WARN_UNUSED_FUNCTION = YES;
				GCC_WARN_UNUSED_VARIABLE = YES;
				IPHONEOS_DEPLOYMENT_TARGET = 17.0;
				LOCALIZATION_PREFERS_STRING_CATALOGS = YES;
				MTL_ENABLE_DEBUG_INFO = NO;
				MTL_FAST_MATH = YES;
				SDKROOT = iphoneos;
				SWIFT_COMPILATION_MODE = wholemodule;
				VALIDATE_PRODUCT = YES;
			};
			name = Release;
		};
		D4A7E65A2A314DF300145FD0 /* Debug */ = {
			isa = XCBuildConfiguration;
			buildSettings = {
				ASSETCATALOG_COMPILER_APPICON_NAME = AppIcon;
				ASSETCATALOG_COMPILER_GLOBAL_ACCENT_COLOR_NAME = AccentColor;
				CODE_SIGN_STYLE = Automatic;
				CURRENT_PROJECT_VERSION = 1;
				DEVELOPMENT_ASSET_PATHS = "\"Swift5.9Try/Preview Content\"";
				DEVELOPMENT_TEAM = 95L82PNXV3;
				ENABLE_PREVIEWS = YES;
				GENERATE_INFOPLIST_FILE = YES;
				INFOPLIST_FILE = "Swift5-9Try-Info.plist";
				INFOPLIST_KEY_UIApplicationSceneManifest_Generation = YES;
				INFOPLIST_KEY_UIApplicationSupportsIndirectInputEvents = YES;
				INFOPLIST_KEY_UILaunchScreen_Generation = YES;
				INFOPLIST_KEY_UISupportedInterfaceOrientations_iPad = "UIInterfaceOrientationPortrait UIInterfaceOrientationPortraitUpsideDown UIInterfaceOrientationLandscapeLeft UIInterfaceOrientationLandscapeRight";
				INFOPLIST_KEY_UISupportedInterfaceOrientations_iPhone = "UIInterfaceOrientationPortrait UIInterfaceOrientationLandscapeLeft UIInterfaceOrientationLandscapeRight";
				LD_RUNPATH_SEARCH_PATHS = (
					"$(inherited)",
					"@executable_path/Frameworks",
				);
				MARKETING_VERSION = 1.0;
				PRODUCT_BUNDLE_IDENTIFIER = "com.kamimi.Swift5-9Try";
				PRODUCT_NAME = "$(TARGET_NAME)";
				SWIFT_EMIT_LOC_STRINGS = YES;
				SWIFT_VERSION = 5.0;
				TARGETED_DEVICE_FAMILY = "1,2";
			};
			name = Debug;
		};
		D4A7E65B2A314DF300145FD0 /* Release */ = {
			isa = XCBuildConfiguration;
			buildSettings = {
				ASSETCATALOG_COMPILER_APPICON_NAME = AppIcon;
				ASSETCATALOG_COMPILER_GLOBAL_ACCENT_COLOR_NAME = AccentColor;
				CODE_SIGN_STYLE = Automatic;
				CURRENT_PROJECT_VERSION = 1;
				DEVELOPMENT_ASSET_PATHS = "\"Swift5.9Try/Preview Content\"";
				DEVELOPMENT_TEAM = 95L82PNXV3;
				ENABLE_PREVIEWS = YES;
				GENERATE_INFOPLIST_FILE = YES;
				INFOPLIST_FILE = "Swift5-9Try-Info.plist";
				INFOPLIST_KEY_UIApplicationSceneManifest_Generation = YES;
				INFOPLIST_KEY_UIApplicationSupportsIndirectInputEvents = YES;
				INFOPLIST_KEY_UILaunchScreen_Generation = YES;
				INFOPLIST_KEY_UISupportedInterfaceOrientations_iPad = "UIInterfaceOrientationPortrait UIInterfaceOrientationPortraitUpsideDown UIInterfaceOrientationLandscapeLeft UIInterfaceOrientationLandscapeRight";
				INFOPLIST_KEY_UISupportedInterfaceOrientations_iPhone = "UIInterfaceOrientationPortrait UIInterfaceOrientationLandscapeLeft UIInterfaceOrientationLandscapeRight";
				LD_RUNPATH_SEARCH_PATHS = (
					"$(inherited)",
					"@executable_path/Frameworks",
				);
				MARKETING_VERSION = 1.0;
				PRODUCT_BUNDLE_IDENTIFIER = "com.kamimi.Swift5-9Try";
				PRODUCT_NAME = "$(TARGET_NAME)";
				SWIFT_EMIT_LOC_STRINGS = YES;
				SWIFT_VERSION = 5.0;
				TARGETED_DEVICE_FAMILY = "1,2";
			};
			name = Release;
		};
/* End XCBuildConfiguration section */

/* Begin XCConfigurationList section */
		D4A7E6462A314DF000145FD0 /* Build configuration list for PBXProject "Swift5.9Try" */ = {
			isa = XCConfigurationList;
			buildConfigurations = (
				D4A7E6572A314DF300145FD0 /* Debug */,
				D4A7E6582A314DF300145FD0 /* Release */,
			);
			defaultConfigurationIsVisible = 0;
			defaultConfigurationName = Release;
		};
		D4A7E6592A314DF300145FD0 /* Build configuration list for PBXNativeTarget "Swift5.9Try" */ = {
			isa = XCConfigurationList;
			buildConfigurations = (
				D4A7E65A2A314DF300145FD0 /* Debug */,
				D4A7E65B2A314DF300145FD0 /* Release */,
			);
			defaultConfigurationIsVisible = 0;
			defaultConfigurationName = Release;
		};
/* End XCConfigurationList section */

/* Begin XCRemoteSwiftPackageReference section */
		D4A7E69E2A3A981500145FD0 /* XCRemoteSwiftPackageReference "SwiftPMWithBinary" */ = {
			isa = XCRemoteSwiftPackageReference;
			repositoryURL = "https://github.com/kamimi01/SwiftPMWithBinary.git";
			requirement = {
				branch = main;
				kind = branch;
			};
		};
/* End XCRemoteSwiftPackageReference section */

/* Begin XCSwiftPackageProductDependency section */
		D4A7E69F2A3A981500145FD0 /* TestXCFramework */ = {
			isa = XCSwiftPackageProductDependency;
			package = D4A7E69E2A3A981500145FD0 /* XCRemoteSwiftPackageReference "SwiftPMWithBinary" */;
			productName = TestXCFramework;
		};
/* End XCSwiftPackageProductDependency section */
	};
	rootObject = D4A7E6432A314DF000145FD0 /* Project object */;
}
